
Microsoft Visual Studio Solution File, Format Version 12.00
# Visual Studio Version 16
VisualStudioVersion = 16.0.31313.79
MinimumVisualStudioVersion = 10.0.40219.1
Project("{FAE04EC0-301F-11D3-BF4B-00C04F79EFBC}") = "Sklad", "Sklad.csproj", "{F9ADDA62-9637-4EA9-B05D-685EF7C884CB}"
EndProject
Global
	GlobalSection(SolutionConfigurationPlatforms) = preSolution
		Debug|Any CPU = Debug|Any CPU
		Release|Any CPU = Release|Any CPU
	EndGlobalSection
	GlobalSection(ProjectConfigurationPlatforms) = postSolution
		{F9ADDA62-9637-4EA9-B05D-685EF7C884CB}.Debug|Any CPU.ActiveCfg = Debug|Any CPU
		{F9ADDA62-9637-4EA9-B05D-685EF7C884CB}.Debug|Any CPU.Build.0 = Debug|Any CPU
		{F9ADDA62-9637-4EA9-B05D-685EF7C884CB}.Release|Any CPU.ActiveCfg = Release|Any CPU
		{F9ADDA62-9637-4EA9-B05D-685EF7C884CB}.Release|Any CPU.Build.0 = Release|Any CPU
	EndGlobalSection
	GlobalSection(SolutionProperties) = preSolution
		HideSolutionNode = FALSE
	EndGlobalSection
	GlobalSection(ExtensibilityGlobals) = postSolution
		SolutionGuid = {E1321D3E-FA7A-4987-80F1-9CC938E60D7F}
	EndGlobalSection
EndGlobal
